
Microsoft Visual Studio Solution File, Format Version 12.00
# Visual Studio Version 17
VisualStudioVersion = 17.0.31903.59
MinimumVisualStudioVersion = 10.0.40219.1
Project("{9A19103F-16F7-4668-BE54-9A1E7A4F7556}") = "AssemblyBrowser.WpfApplication", "AssemblyBrowser.WpfApplication\AssemblyBrowser.WpfApplication.csproj", "{E388D8B2-2206-4F75-B968-839344B94911}"
EndProject
Project("{9A19103F-16F7-4668-BE54-9A1E7A4F7556}") = "AssemblyBrowser.Core", "AssemblyBrowser.Core\AssemblyBrowser.Core.csproj", "{1AB9D764-06DF-485B-B191-D63B2CC98E8F}"
EndProject
Project("{9A19103F-16F7-4668-BE54-9A1E7A4F7556}") = "AssemblyBrowser.Tests", "AssemblyBrowser.Test\AssemblyBrowser.Tests.csproj", "{E6635D94-DAC2-44AF-B8CA-74168BB3FDC9}"
EndProject
Project("{9A19103F-16F7-4668-BE54-9A1E7A4F7556}") = "AssemblyBrowser.TestProject", "AssemblyBrowser.TestProject\AssemblyBrowser.TestProject.csproj", "{88C98B76-7155-46AF-B2D8-3A2FEB431566}"
EndProject
Project("{2150E333-8FDC-42A3-9474-1A3956D46DE8}") = "Solution Items", "Solution Items", "{5A8E797A-00DF-45AA-924E-FA8538055514}"
	ProjectSection(SolutionItems) = preProject
		README.md = README.md
	EndProjectSection
EndProject
Global
	GlobalSection(SolutionConfigurationPlatforms) = preSolution
		Debug|Any CPU = Debug|Any CPU
		Release|Any CPU = Release|Any CPU
	EndGlobalSection
	GlobalSection(ProjectConfigurationPlatforms) = postSolution
		{E388D8B2-2206-4F75-B968-839344B94911}.Debug|Any CPU.ActiveCfg = Debug|Any CPU
		{E388D8B2-2206-4F75-B968-839344B94911}.Debug|Any CPU.Build.0 = Debug|Any CPU
		{E388D8B2-2206-4F75-B968-839344B94911}.Release|Any CPU.ActiveCfg = Release|Any CPU
		{E388D8B2-2206-4F75-B968-839344B94911}.Release|Any CPU.Build.0 = Release|Any CPU
		{1AB9D764-06DF-485B-B191-D63B2CC98E8F}.Debug|Any CPU.ActiveCfg = Debug|Any CPU
		{1AB9D764-06DF-485B-B191-D63B2CC98E8F}.Debug|Any CPU.Build.0 = Debug|Any CPU
		{1AB9D764-06DF-485B-B191-D63B2CC98E8F}.Release|Any CPU.ActiveCfg = Release|Any CPU
		{1AB9D764-06DF-485B-B191-D63B2CC98E8F}.Release|Any CPU.Build.0 = Release|Any CPU
		{E6635D94-DAC2-44AF-B8CA-74168BB3FDC9}.Debug|Any CPU.ActiveCfg = Debug|Any CPU
		{E6635D94-DAC2-44AF-B8CA-74168BB3FDC9}.Debug|Any CPU.Build.0 = Debug|Any CPU
		{E6635D94-DAC2-44AF-B8CA-74168BB3FDC9}.Release|Any CPU.ActiveCfg = Release|Any CPU
		{E6635D94-DAC2-44AF-B8CA-74168BB3FDC9}.Release|Any CPU.Build.0 = Release|Any CPU
		{88C98B76-7155-46AF-B2D8-3A2FEB431566}.Debug|Any CPU.ActiveCfg = Debug|Any CPU
		{88C98B76-7155-46AF-B2D8-3A2FEB431566}.Debug|Any CPU.Build.0 = Debug|Any CPU
		{88C98B76-7155-46AF-B2D8-3A2FEB431566}.Release|Any CPU.ActiveCfg = Release|Any CPU
		{88C98B76-7155-46AF-B2D8-3A2FEB431566}.Release|Any CPU.Build.0 = Release|Any CPU
	EndGlobalSection
	GlobalSection(SolutionProperties) = preSolution
		HideSolutionNode = FALSE
	EndGlobalSection
	GlobalSection(ExtensibilityGlobals) = postSolution
		SolutionGuid = {736AE3EE-7925-432C-8AAB-C1B5A4C1CE92}
	EndGlobalSection
EndGlobal
